
Microsoft Visual Studio Solution File, Format Version 12.00
# Visual Studio 14
VisualStudioVersion = 14.0.25420.1
MinimumVisualStudioVersion = 10.0.40219.1
Project("{8BC9CEB8-8B4A-11D0-8D11-00A0C91BC942}") = "STL", "STL\STL.vcxproj", "{7CD7B1D7-EFD7-4ADC-B07B-4A1D2A3308CC}"
EndProject
Project("{8BC9CEB8-8B4A-11D0-8D11-00A0C91BC942}") = "String容器", "String容器\String容器.vcxproj", "{B8F60F4B-3751-416A-91E7-FC6BCDCF0EAC}"
EndProject
Project("{8BC9CEB8-8B4A-11D0-8D11-00A0C91BC942}") = "Vector容器", "Vector容器\Vector容器.vcxproj", "{0399C06C-440F-46C1-9021-29AD9ACBAB9E}"
EndProject
Project("{8BC9CEB8-8B4A-11D0-8D11-00A0C91BC942}") = "Deque容器", "Deque容器\Deque容器.vcxproj", "{58AF75CE-465A-461A-BBC7-F463886C9B51}"
EndProject
Project("{8BC9CEB8-8B4A-11D0-8D11-00A0C91BC942}") = "Stack容器", "Stack容器\Stack容器.vcxproj", "{4AD32E7E-4F84-4504-BC5B-D907B630C57D}"
EndProject
Project("{8BC9CEB8-8B4A-11D0-8D11-00A0C91BC942}") = "Queue容器", "Queue容器\Queue容器.vcxproj", "{24380561-B1C6-4597-AD8C-7BA94EFB836A}"
EndProject
Project("{8BC9CEB8-8B4A-11D0-8D11-00A0C91BC942}") = "List容器", "List容器\List容器.vcxproj", "{A573DC4B-3325-4994-AA32-EB0E3807D679}"
EndProject
Project("{8BC9CEB8-8B4A-11D0-8D11-00A0C91BC942}") = "Set+Multiset容器", "Set+Multiset容器\Set+Multiset容器.vcxproj", "{898AA049-A3EA-48DA-ADD5-627730A79605}"
EndProject
Project("{8BC9CEB8-8B4A-11D0-8D11-00A0C91BC942}") = "Map+Multimap容器", "Map+Multimap容器\Map+Multimap容器.vcxproj", "{E68415C8-7F7B-41A1-A416-CE36C29E4C99}"
EndProject
Project("{8BC9CEB8-8B4A-11D0-8D11-00A0C91BC942}") = "函数对象", "函数对象\函数对象.vcxproj", "{7B8251BD-AB3F-4E1E-AC04-E92FEFD92EF6}"
EndProject
Project("{8BC9CEB8-8B4A-11D0-8D11-00A0C91BC942}") = "函数对象适配器", "函数对象适配器\函数对象适配器.vcxproj", "{F4AFBCAD-7AC0-4F7C-96AC-DA8D17669BD5}"
EndProject
Global
	GlobalSection(SolutionConfigurationPlatforms) = preSolution
		Debug|x64 = Debug|x64
		Debug|x86 = Debug|x86
		Release|x64 = Release|x64
		Release|x86 = Release|x86
	EndGlobalSection
	GlobalSection(ProjectConfigurationPlatforms) = postSolution
		{7CD7B1D7-EFD7-4ADC-B07B-4A1D2A3308CC}.Debug|x64.ActiveCfg = Debug|x64
		{7CD7B1D7-EFD7-4ADC-B07B-4A1D2A3308CC}.Debug|x64.Build.0 = Debug|x64
		{7CD7B1D7-EFD7-4ADC-B07B-4A1D2A3308CC}.Debug|x86.ActiveCfg = Debug|Win32
		{7CD7B1D7-EFD7-4ADC-B07B-4A1D2A3308CC}.Debug|x86.Build.0 = Debug|Win32
		{7CD7B1D7-EFD7-4ADC-B07B-4A1D2A3308CC}.Release|x64.ActiveCfg = Release|x64
		{7CD7B1D7-EFD7-4ADC-B07B-4A1D2A3308CC}.Release|x64.Build.0 = Release|x64
		{7CD7B1D7-EFD7-4ADC-B07B-4A1D2A3308CC}.Release|x86.ActiveCfg = Release|Win32
		{7CD7B1D7-EFD7-4ADC-B07B-4A1D2A3308CC}.Release|x86.Build.0 = Release|Win32
		{B8F60F4B-3751-416A-91E7-FC6BCDCF0EAC}.Debug|x64.ActiveCfg = Debug|x64
		{B8F60F4B-3751-416A-91E7-FC6BCDCF0EAC}.Debug|x64.Build.0 = Debug|x64
		{B8F60F4B-3751-416A-91E7-FC6BCDCF0EAC}.Debug|x86.ActiveCfg = Debug|Win32
		{B8F60F4B-3751-416A-91E7-FC6BCDCF0EAC}.Debug|x86.Build.0 = Debug|Win32
		{B8F60F4B-3751-416A-91E7-FC6BCDCF0EAC}.Release|x64.ActiveCfg = Release|x64
		{B8F60F4B-3751-416A-91E7-FC6BCDCF0EAC}.Release|x64.Build.0 = Release|x64
		{B8F60F4B-3751-416A-91E7-FC6BCDCF0EAC}.Release|x86.ActiveCfg = Release|Win32
		{B8F60F4B-3751-416A-91E7-FC6BCDCF0EAC}.Release|x86.Build.0 = Release|Win32
		{0399C06C-440F-46C1-9021-29AD9ACBAB9E}.Debug|x64.ActiveCfg = Debug|x64
		{0399C06C-440F-46C1-9021-29AD9ACBAB9E}.Debug|x64.Build.0 = Debug|x64
		{0399C06C-440F-46C1-9021-29AD9ACBAB9E}.Debug|x86.ActiveCfg = Debug|Win32
		{0399C06C-440F-46C1-9021-29AD9ACBAB9E}.Debug|x86.Build.0 = Debug|Win32
		{0399C06C-440F-46C1-9021-29AD9ACBAB9E}.Release|x64.ActiveCfg = Release|x64
		{0399C06C-440F-46C1-9021-29AD9ACBAB9E}.Release|x64.Build.0 = Release|x64
		{0399C06C-440F-46C1-9021-29AD9ACBAB9E}.Release|x86.ActiveCfg = Release|Win32
		{0399C06C-440F-46C1-9021-29AD9ACBAB9E}.Release|x86.Build.0 = Release|Win32
		{58AF75CE-465A-461A-BBC7-F463886C9B51}.Debug|x64.ActiveCfg = Debug|x64
		{58AF75CE-465A-461A-BBC7-F463886C9B51}.Debug|x64.Build.0 = Debug|x64
		{58AF75CE-465A-461A-BBC7-F463886C9B51}.Debug|x86.ActiveCfg = Debug|Win32
		{58AF75CE-465A-461A-BBC7-F463886C9B51}.Debug|x86.Build.0 = Debug|Win32
		{58AF75CE-465A-461A-BBC7-F463886C9B51}.Release|x64.ActiveCfg = Release|x64
		{58AF75CE-465A-461A-BBC7-F463886C9B51}.Release|x64.Build.0 = Release|x64
		{58AF75CE-465A-461A-BBC7-F463886C9B51}.Release|x86.ActiveCfg = Release|Win32
		{58AF75CE-465A-461A-BBC7-F463886C9B51}.Release|x86.Build.0 = Release|Win32
		{4AD32E7E-4F84-4504-BC5B-D907B630C57D}.Debug|x64.ActiveCfg = Debug|x64
		{4AD32E7E-4F84-4504-BC5B-D907B630C57D}.Debug|x64.Build.0 = Debug|x64
		{4AD32E7E-4F84-4504-BC5B-D907B630C57D}.Debug|x86.ActiveCfg = Debug|Win32
		{4AD32E7E-4F84-4504-BC5B-D907B630C57D}.Debug|x86.Build.0 = Debug|Win32
		{4AD32E7E-4F84-4504-BC5B-D907B630C57D}.Release|x64.ActiveCfg = Release|x64
		{4AD32E7E-4F84-4504-BC5B-D907B630C57D}.Release|x64.Build.0 = Release|x64
		{4AD32E7E-4F84-4504-BC5B-D907B630C57D}.Release|x86.ActiveCfg = Release|Win32
		{4AD32E7E-4F84-4504-BC5B-D907B630C57D}.Release|x86.Build.0 = Release|Win32
		{24380561-B1C6-4597-AD8C-7BA94EFB836A}.Debug|x64.ActiveCfg = Debug|x64
		{24380561-B1C6-4597-AD8C-7BA94EFB836A}.Debug|x64.Build.0 = Debug|x64
		{24380561-B1C6-4597-AD8C-7BA94EFB836A}.Debug|x86.ActiveCfg = Debug|Win32
		{24380561-B1C6-4597-AD8C-7BA94EFB836A}.Debug|x86.Build.0 = Debug|Win32
		{24380561-B1C6-4597-AD8C-7BA94EFB836A}.Release|x64.ActiveCfg = Release|x64
		{24380561-B1C6-4597-AD8C-7BA94EFB836A}.Release|x64.Build.0 = Release|x64
		{24380561-B1C6-4597-AD8C-7BA94EFB836A}.Release|x86.ActiveCfg = Release|Win32
		{24380561-B1C6-4597-AD8C-7BA94EFB836A}.Release|x86.Build.0 = Release|Win32
		{A573DC4B-3325-4994-AA32-EB0E3807D679}.Debug|x64.ActiveCfg = Debug|x64
		{A573DC4B-3325-4994-AA32-EB0E3807D679}.Debug|x64.Build.0 = Debug|x64
		{A573DC4B-3325-4994-AA32-EB0E3807D679}.Debug|x86.ActiveCfg = Debug|Win32
		{A573DC4B-3325-4994-AA32-EB0E3807D679}.Debug|x86.Build.0 = Debug|Win32
		{A573DC4B-3325-4994-AA32-EB0E3807D679}.Release|x64.ActiveCfg = Release|x64
		{A573DC4B-3325-4994-AA32-EB0E3807D679}.Release|x64.Build.0 = Release|x64
		{A573DC4B-3325-4994-AA32-EB0E3807D679}.Release|x86.ActiveCfg = Release|Win32
		{A573DC4B-3325-4994-AA32-EB0E3807D679}.Release|x86.Build.0 = Release|Win32
		{898AA049-A3EA-48DA-ADD5-627730A79605}.Debug|x64.ActiveCfg = Debug|x64
		{898AA049-A3EA-48DA-ADD5-627730A79605}.Debug|x64.Build.0 = Debug|x64
		{898AA049-A3EA-48DA-ADD5-627730A79605}.Debug|x86.ActiveCfg = Debug|Win32
		{898AA049-A3EA-48DA-ADD5-627730A79605}.Debug|x86.Build.0 = Debug|Win32
		{898AA049-A3EA-48DA-ADD5-627730A79605}.Release|x64.ActiveCfg = Release|x64
		{898AA049-A3EA-48DA-ADD5-627730A79605}.Release|x64.Build.0 = Release|x64
		{898AA049-A3EA-48DA-ADD5-627730A79605}.Release|x86.ActiveCfg = Release|Win32
		{898AA049-A3EA-48DA-ADD5-627730A79605}.Release|x86.Build.0 = Release|Win32
		{E68415C8-7F7B-41A1-A416-CE36C29E4C99}.Debug|x64.ActiveCfg = Debug|x64
		{E68415C8-7F7B-41A1-A416-CE36C29E4C99}.Debug|x64.Build.0 = Debug|x64
		{E68415C8-7F7B-41A1-A416-CE36C29E4C99}.Debug|x86.ActiveCfg = Debug|Win32
		{E68415C8-7F7B-41A1-A416-CE36C29E4C99}.Debug|x86.Build.0 = Debug|Win32
		{E68415C8-7F7B-41A1-A416-CE36C29E4C99}.Release|x64.ActiveCfg = Release|x64
		{E68415C8-7F7B-41A1-A416-CE36C29E4C99}.Release|x64.Build.0 = Release|x64
		{E68415C8-7F7B-41A1-A416-CE36C29E4C99}.Release|x86.ActiveCfg = Release|Win32
		{E68415C8-7F7B-41A1-A416-CE36C29E4C99}.Release|x86.Build.0 = Release|Win32
		{7B8251BD-AB3F-4E1E-AC04-E92FEFD92EF6}.Debug|x64.ActiveCfg = Debug|x64
		{7B8251BD-AB3F-4E1E-AC04-E92FEFD92EF6}.Debug|x64.Build.0 = Debug|x64
		{7B8251BD-AB3F-4E1E-AC04-E92FEFD92EF6}.Debug|x86.ActiveCfg = Debug|Win32
		{7B8251BD-AB3F-4E1E-AC04-E92FEFD92EF6}.Debug|x86.Build.0 = Debug|Win32
		{7B8251BD-AB3F-4E1E-AC04-E92FEFD92EF6}.Release|x64.ActiveCfg = Release|x64
		{7B8251BD-AB3F-4E1E-AC04-E92FEFD92EF6}.Release|x64.Build.0 = Release|x64
		{7B8251BD-AB3F-4E1E-AC04-E92FEFD92EF6}.Release|x86.ActiveCfg = Release|Win32
		{7B8251BD-AB3F-4E1E-AC04-E92FEFD92EF6}.Release|x86.Build.0 = Release|Win32
		{F4AFBCAD-7AC0-4F7C-96AC-DA8D17669BD5}.Debug|x64.ActiveCfg = Debug|x64
		{F4AFBCAD-7AC0-4F7C-96AC-DA8D17669BD5}.Debug|x64.Build.0 = Debug|x64
		{F4AFBCAD-7AC0-4F7C-96AC-DA8D17669BD5}.Debug|x86.ActiveCfg = Debug|Win32
		{F4AFBCAD-7AC0-4F7C-96AC-DA8D17669BD5}.Debug|x86.Build.0 = Debug|Win32
		{F4AFBCAD-7AC0-4F7C-96AC-DA8D17669BD5}.Release|x64.ActiveCfg = Release|x64
		{F4AFBCAD-7AC0-4F7C-96AC-DA8D17669BD5}.Release|x64.Build.0 = Release|x64
		{F4AFBCAD-7AC0-4F7C-96AC-DA8D17669BD5}.Release|x86.ActiveCfg = Release|Win32
		{F4AFBCAD-7AC0-4F7C-96AC-DA8D17669BD5}.Release|x86.Build.0 = Release|Win32
	EndGlobalSection
	GlobalSection(SolutionProperties) = preSolution
		HideSolutionNode = FALSE
	EndGlobalSection
EndGlobal
